# This file is automatically @generated by Cargo.
# It is not intended for manual editing.
version = 3

[[package]]
name = "example"
version = "0.1.0"
source = "git+https://github.com/JanLikar/example_crate#09f726386b27dc4724c9a297f59c0768b78535e5"

[[package]]
name = "git-deps-example"
version = "0.1.0"
dependencies = [
 "example",
]
